
Microsoft Visual Studio Solution File, Format Version 12.00
# Visual Studio Version 17
VisualStudioVersion = 17.5.33502.453
MinimumVisualStudioVersion = 10.0.40219.1
Project("{FAE04EC0-301F-11D3-BF4B-00C04F79EFBC}") = "XmlToAppSettingsJson", "XmlToAppSettingsJson\XmlToAppSettingsJson.csproj", "{0AAAD199-EA43-4227-AAA0-5906D7658BFF}"
EndProject
Project("{FAE04EC0-301F-11D3-BF4B-00C04F79EFBC}") = "AppSettingsJsonToPoco", "AppSettingsJsonToPoco\AppSettingsJsonToPoco.csproj", "{0266C4C1-7727-43AC-A372-315C27F823D1}"
EndProject
Global
	GlobalSection(SolutionConfigurationPlatforms) = preSolution
		Debug|Any CPU = Debug|Any CPU
		Release|Any CPU = Release|Any CPU
	EndGlobalSection
	GlobalSection(ProjectConfigurationPlatforms) = postSolution
		{0AAAD199-EA43-4227-AAA0-5906D7658BFF}.Debug|Any CPU.ActiveCfg = Debug|Any CPU
		{0AAAD199-EA43-4227-AAA0-5906D7658BFF}.Debug|Any CPU.Build.0 = Debug|Any CPU
		{0AAAD199-EA43-4227-AAA0-5906D7658BFF}.Release|Any CPU.ActiveCfg = Release|Any CPU
		{0AAAD199-EA43-4227-AAA0-5906D7658BFF}.Release|Any CPU.Build.0 = Release|Any CPU
		{0266C4C1-7727-43AC-A372-315C27F823D1}.Debug|Any CPU.ActiveCfg = Debug|Any CPU
		{0266C4C1-7727-43AC-A372-315C27F823D1}.Debug|Any CPU.Build.0 = Debug|Any CPU
		{0266C4C1-7727-43AC-A372-315C27F823D1}.Release|Any CPU.ActiveCfg = Release|Any CPU
		{0266C4C1-7727-43AC-A372-315C27F823D1}.Release|Any CPU.Build.0 = Release|Any CPU
	EndGlobalSection
	GlobalSection(SolutionProperties) = preSolution
		HideSolutionNode = FALSE
	EndGlobalSection
	GlobalSection(ExtensibilityGlobals) = postSolution
		SolutionGuid = {01B135CC-74C7-40B6-B15A-008B733C14B5}
	EndGlobalSection
EndGlobal
